// !$*UTF8*$!
{
	archiveVersion = 1;
	classes = {
	};
	objectVersion = 50;
	objects = {

/* Begin PBXFileReference section */
		5276B707251D40CD0053B524 /* lab04.html */ = {isa = PBXFileReference; lastKnownFileType = text.html; path = lab04.html; sourceTree = "<group>"; };
		52D59191259AB0C700071BD3 /* lab06.html */ = {isa = PBXFileReference; lastKnownFileType = text.html; path = lab06.html; sourceTree = "<group>"; };
		52D59192259AB11C00071BD3 /* lab07.html */ = {isa = PBXFileReference; lastKnownFileType = text.html; path = lab07.html; sourceTree = "<group>"; };
		52D59194259AB1B500071BD3 /* index.html */ = {isa = PBXFileReference; lastKnownFileType = text.html; path = index.html; sourceTree = "<group>"; };
		52D59195259AB1CA00071BD3 /* script.js */ = {isa = PBXFileReference; lastKnownFileType = sourcecode.javascript; path = script.js; sourceTree = "<group>"; };
		52D59196259AB1E900071BD3 /* style.css */ = {isa = PBXFileReference; lastKnownFileType = text.css; path = style.css; sourceTree = "<group>"; };
		52E4E1512519DD6E00F43249 /* lab01.html */ = {isa = PBXFileReference; lastKnownFileType = text.html; path = lab01.html; sourceTree = "<group>"; };
		52E4E1522519DE1600F43249 /* lab02.html */ = {isa = PBXFileReference; lastKnownFileType = text.html; path = lab02.html; sourceTree = "<group>"; };
		52E4E1532519DE2900F43249 /* lab03.html */ = {isa = PBXFileReference; lastKnownFileType = text.html; path = lab03.html; sourceTree = "<group>"; };
/* End PBXFileReference section */

/* Begin PBXGroup section */
		52D59193259AB1A100071BD3 /* lab08 */ = {
			isa = PBXGroup;
			children = (
				52D59194259AB1B500071BD3 /* index.html */,
				52D59195259AB1CA00071BD3 /* script.js */,
				52D59196259AB1E900071BD3 /* style.css */,
			);
			path = lab08;
			sourceTree = "<group>";
		};
		52E4E14A2519DD4100F43249 = {
			isa = PBXGroup;
			children = (
				52D59193259AB1A100071BD3 /* lab08 */,
				52D59192259AB11C00071BD3 /* lab07.html */,
				52D59191259AB0C700071BD3 /* lab06.html */,
				5276B707251D40CD0053B524 /* lab04.html */,
				52E4E1532519DE2900F43249 /* lab03.html */,
				52E4E1522519DE1600F43249 /* lab02.html */,
				52E4E1512519DD6E00F43249 /* lab01.html */,
			);
			sourceTree = "<group>";
		};
/* End PBXGroup section */

/* Begin PBXProject section */
		52E4E14B2519DD4100F43249 /* Project object */ = {
			isa = PBXProject;
			attributes = {
				LastUpgradeCheck = 1200;
			};
			buildConfigurationList = 52E4E14E2519DD4100F43249 /* Build configuration list for PBXProject "gudkov" */;
			compatibilityVersion = "Xcode 9.3";
			developmentRegion = en;
			hasScannedForEncodings = 0;
			knownRegions = (
				en,
				Base,
			);
			mainGroup = 52E4E14A2519DD4100F43249;
			projectDirPath = "";
			projectRoot = "";
			targets = (
			);
		};
/* End PBXProject section */

/* Begin XCBuildConfiguration section */
		52E4E14F2519DD4100F43249 /* Debug */ = {
			isa = XCBuildConfiguration;
			buildSettings = {
			};
			name = Debug;
		};
		52E4E1502519DD4100F43249 /* Release */ = {
			isa = XCBuildConfiguration;
			buildSettings = {
			};
			name = Release;
		};
/* End XCBuildConfiguration section */

/* Begin XCConfigurationList section */
		52E4E14E2519DD4100F43249 /* Build configuration list for PBXProject "gudkov" */ = {
			isa = XCConfigurationList;
			buildConfigurations = (
				52E4E14F2519DD4100F43249 /* Debug */,
				52E4E1502519DD4100F43249 /* Release */,
			);
			defaultConfigurationIsVisible = 0;
			defaultConfigurationName = Release;
		};
/* End XCConfigurationList section */
	};
	rootObject = 52E4E14B2519DD4100F43249 /* Project object */;
}
